
Microsoft Visual Studio Solution File, Format Version 12.00
# Visual Studio 15
VisualStudioVersion = 15.0.28010.2026
MinimumVisualStudioVersion = 10.0.40219.1
Project("{8BC9CEB8-8B4A-11D0-8D11-00A0C91BC942}") = "Graphic", "Graphic\Graphic.vcxproj", "{BAE8685F-8BF9-4A2A-9BA1-FBF0E84A7DF6}"
EndProject
Global
	GlobalSection(SolutionConfigurationPlatforms) = preSolution
		Debug|x64 = Debug|x64
		Debug|x86 = Debug|x86
		Home|x64 = Home|x64
		Home|x86 = Home|x86
		Release|x64 = Release|x64
		Release|x86 = Release|x86
	EndGlobalSection
	GlobalSection(ProjectConfigurationPlatforms) = postSolution
		{BAE8685F-8BF9-4A2A-9BA1-FBF0E84A7DF6}.Debug|x64.ActiveCfg = Debug|x64
		{BAE8685F-8BF9-4A2A-9BA1-FBF0E84A7DF6}.Debug|x64.Build.0 = Debug|x64
		{BAE8685F-8BF9-4A2A-9BA1-FBF0E84A7DF6}.Debug|x86.ActiveCfg = Debug|Win32
		{BAE8685F-8BF9-4A2A-9BA1-FBF0E84A7DF6}.Debug|x86.Build.0 = Debug|Win32
		{BAE8685F-8BF9-4A2A-9BA1-FBF0E84A7DF6}.Home|x64.ActiveCfg = Home|x64
		{BAE8685F-8BF9-4A2A-9BA1-FBF0E84A7DF6}.Home|x64.Build.0 = Home|x64
		{BAE8685F-8BF9-4A2A-9BA1-FBF0E84A7DF6}.Home|x86.ActiveCfg = Home|Win32
		{BAE8685F-8BF9-4A2A-9BA1-FBF0E84A7DF6}.Home|x86.Build.0 = Home|Win32
		{BAE8685F-8BF9-4A2A-9BA1-FBF0E84A7DF6}.Release|x64.ActiveCfg = Release|x64
		{BAE8685F-8BF9-4A2A-9BA1-FBF0E84A7DF6}.Release|x64.Build.0 = Release|x64
		{BAE8685F-8BF9-4A2A-9BA1-FBF0E84A7DF6}.Release|x86.ActiveCfg = Release|Win32
		{BAE8685F-8BF9-4A2A-9BA1-FBF0E84A7DF6}.Release|x86.Build.0 = Release|Win32
	EndGlobalSection
	GlobalSection(SolutionProperties) = preSolution
		HideSolutionNode = FALSE
	EndGlobalSection
	GlobalSection(ExtensibilityGlobals) = postSolution
		SolutionGuid = {32A4273E-B2BE-4331-8DD9-635C139ABF40}
	EndGlobalSection
EndGlobal
